// !$*UTF8*$!
{
	archiveVersion = 1;
	classes = {
	};
	objectVersion = 51;
	objects = {

/* Begin PBXBuildFile section */
		05EF41CFA7031FB25BEE06E6 /* Pods_breakingbadapi_breakingbadapiUITests.framework in Frameworks */ = {isa = PBXBuildFile; fileRef = 410EEAD200F3182F2E42F66F /* Pods_breakingbadapi_breakingbadapiUITests.framework */; };
		173D5F0AAEAC913E536D39EA /* Pods_breakingbadapiTests.framework in Frameworks */ = {isa = PBXBuildFile; fileRef = FEA1F3BC053945B83A38E0FD /* Pods_breakingbadapiTests.framework */; };
		D5008B152738249900517F69 /* BaseViewController.swift in Sources */ = {isa = PBXBuildFile; fileRef = D5008B142738249900517F69 /* BaseViewController.swift */; };
		D52C50B8257CDCD100746E44 /* Observable.swift in Sources */ = {isa = PBXBuildFile; fileRef = D52C50B7257CDCD100746E44 /* Observable.swift */; };
		D52C50C1257CDD7100746E44 /* ListViewModel.swift in Sources */ = {isa = PBXBuildFile; fileRef = D52C50C0257CDD7100746E44 /* ListViewModel.swift */; };
		D52C50C7257EF26100746E44 /* Character.swift in Sources */ = {isa = PBXBuildFile; fileRef = D52C50C6257EF26100746E44 /* Character.swift */; };
		D52C50DB257EFA8F00746E44 /* Repository.swift in Sources */ = {isa = PBXBuildFile; fileRef = D52C50DA257EFA8F00746E44 /* Repository.swift */; };
		D52C50EA257EFC6F00746E44 /* RemoteDastasource.swift in Sources */ = {isa = PBXBuildFile; fileRef = D52C50E9257EFC6F00746E44 /* RemoteDastasource.swift */; };
		D52C50FF257F028500746E44 /* Codable+Extension.swift in Sources */ = {isa = PBXBuildFile; fileRef = D52C50FE257F028500746E44 /* Codable+Extension.swift */; };
		D52C5107257F062100746E44 /* CoreLog.swift in Sources */ = {isa = PBXBuildFile; fileRef = D52C5106257F062100746E44 /* CoreLog.swift */; };
		D52C510F257F082000746E44 /* BaseError.swift in Sources */ = {isa = PBXBuildFile; fileRef = D52C510E257F082000746E44 /* BaseError.swift */; };
		D52C5114257FCA3100746E44 /* CommonResponse.swift in Sources */ = {isa = PBXBuildFile; fileRef = D52C5113257FCA3100746E44 /* CommonResponse.swift */; };
		D567801425850B5700C52491 /* UseCase.swift in Sources */ = {isa = PBXBuildFile; fileRef = D567801325850B5700C52491 /* UseCase.swift */; };
		D567801A25850DC200C52491 /* Inject.swift in Sources */ = {isa = PBXBuildFile; fileRef = D567801925850DC200C52491 /* Inject.swift */; };
		D567802225850FB900C52491 /* StorageDatasource.swift in Sources */ = {isa = PBXBuildFile; fileRef = D567802125850FB900C52491 /* StorageDatasource.swift */; };
		D567802A2585151F00C52491 /* Resolver.swift in Sources */ = {isa = PBXBuildFile; fileRef = D56780292585151F00C52491 /* Resolver.swift */; };
		D56780372585196600C52491 /* Components.swift in Sources */ = {isa = PBXBuildFile; fileRef = D56780362585196600C52491 /* Components.swift */; };
		D57A46C525853D3D003B4CA3 /* ListViewControllerTests.swift in Sources */ = {isa = PBXBuildFile; fileRef = D57A46C425853D3D003B4CA3 /* ListViewControllerTests.swift */; };
		D57A46D0258540A2003B4CA3 /* BaseViewModel.swift in Sources */ = {isa = PBXBuildFile; fileRef = D57A46CF258540A2003B4CA3 /* BaseViewModel.swift */; };
		D57A46D925854255003B4CA3 /* ListViewModelMock.swift in Sources */ = {isa = PBXBuildFile; fileRef = D57A46D825854255003B4CA3 /* ListViewModelMock.swift */; };
		D57A46E225854350003B4CA3 /* StorageDatasourceTests.swift in Sources */ = {isa = PBXBuildFile; fileRef = D57A46E125854350003B4CA3 /* StorageDatasourceTests.swift */; };
		D57A46EE2585446F003B4CA3 /* RepositoryTests.swift in Sources */ = {isa = PBXBuildFile; fileRef = D57A46ED2585446F003B4CA3 /* RepositoryTests.swift */; };
		D57A46F72585462A003B4CA3 /* UseCaseTests.swift in Sources */ = {isa = PBXBuildFile; fileRef = D57A46F62585462A003B4CA3 /* UseCaseTests.swift */; };
		D57A470025854688003B4CA3 /* CharacterTests.swift in Sources */ = {isa = PBXBuildFile; fileRef = D57A46FF25854688003B4CA3 /* CharacterTests.swift */; };
		D57A47082585485B003B4CA3 /* Collection+Safe.swift in Sources */ = {isa = PBXBuildFile; fileRef = D57A47072585485B003B4CA3 /* Collection+Safe.swift */; };
		D57A472A258551BE003B4CA3 /* GoogleService-Info.plist in Resources */ = {isa = PBXBuildFile; fileRef = D57A4729258551BE003B4CA3 /* GoogleService-Info.plist */; };
		D58EB3EA27391DA700F60ED9 /* loading.json in Resources */ = {isa = PBXBuildFile; fileRef = D58EB3E927391DA700F60ED9 /* loading.json */; };
		D5B7065B27383D140088F0C6 /* CharactersCell.swift in Sources */ = {isa = PBXBuildFile; fileRef = D5B7065A27383D140088F0C6 /* CharactersCell.swift */; };
		D5B9F3B625795EE4007DBE2E /* AppDelegate.swift in Sources */ = {isa = PBXBuildFile; fileRef = D5B9F3B525795EE4007DBE2E /* AppDelegate.swift */; };
		D5B9F3B825795EE4007DBE2E /* SceneDelegate.swift in Sources */ = {isa = PBXBuildFile; fileRef = D5B9F3B725795EE4007DBE2E /* SceneDelegate.swift */; };
		D5B9F3BA25795EE4007DBE2E /* ListViewController.swift in Sources */ = {isa = PBXBuildFile; fileRef = D5B9F3B925795EE4007DBE2E /* ListViewController.swift */; };
		D5B9F3BD25795EE4007DBE2E /* List.storyboard in Resources */ = {isa = PBXBuildFile; fileRef = D5B9F3BB25795EE4007DBE2E /* List.storyboard */; };
		D5B9F3BF25795EE6007DBE2E /* Assets.xcassets in Resources */ = {isa = PBXBuildFile; fileRef = D5B9F3BE25795EE6007DBE2E /* Assets.xcassets */; };
		D5B9F3C225795EE6007DBE2E /* LaunchScreen.storyboard in Resources */ = {isa = PBXBuildFile; fileRef = D5B9F3C025795EE6007DBE2E /* LaunchScreen.storyboard */; };
		D5B9F3D825795EE7007DBE2E /* breakingbadapiUITests.swift in Sources */ = {isa = PBXBuildFile; fileRef = D5B9F3D725795EE7007DBE2E /* breakingbadapiUITests.swift */; };
		E6B159172989EBEDF2ABB7E0 /* Pods_breakingbadapi.framework in Frameworks */ = {isa = PBXBuildFile; fileRef = 6D31BBACA1FC565E5370C83A /* Pods_breakingbadapi.framework */; };
/* End PBXBuildFile section */

/* Begin PBXContainerItemProxy section */
		D59349512593386A001AE581 /* PBXContainerItemProxy */ = {
			isa = PBXContainerItemProxy;
			containerPortal = D5B9F3AA25795EE4007DBE2E /* Project object */;
			proxyType = 1;
			remoteGlobalIDString = D5B9F3B125795EE4007DBE2E;
			remoteInfo = breakingbadapi;
		};
		D5B9F3D425795EE7007DBE2E /* PBXContainerItemProxy */ = {
			isa = PBXContainerItemProxy;
			containerPortal = D5B9F3AA25795EE4007DBE2E /* Project object */;
			proxyType = 1;
			remoteGlobalIDString = D5B9F3B125795EE4007DBE2E;
			remoteInfo = breakingbadapi;
		};
/* End PBXContainerItemProxy section */

/* Begin PBXFileReference section */
		09F6B9C714088193982D857A /* Pods-breakingbadapi-breakingbadapiUITests.release.xcconfig */ = {isa = PBXFileReference; includeInIndex = 1; lastKnownFileType = text.xcconfig; name = "Pods-breakingbadapi-breakingbadapiUITests.release.xcconfig"; path = "Target Support Files/Pods-breakingbadapi-breakingbadapiUITests/Pods-breakingbadapi-breakingbadapiUITests.release.xcconfig"; sourceTree = "<group>"; };
		238A2562A7438F13483FB0F4 /* Pods-breakingbadapi.debug.xcconfig */ = {isa = PBXFileReference; includeInIndex = 1; lastKnownFileType = text.xcconfig; name = "Pods-breakingbadapi.debug.xcconfig"; path = "Target Support Files/Pods-breakingbadapi/Pods-breakingbadapi.debug.xcconfig"; sourceTree = "<group>"; };
		410EEAD200F3182F2E42F66F /* Pods_breakingbadapi_breakingbadapiUITests.framework */ = {isa = PBXFileReference; explicitFileType = wrapper.framework; includeInIndex = 0; path = Pods_breakingbadapi_breakingbadapiUITests.framework; sourceTree = BUILT_PRODUCTS_DIR; };
		6D31BBACA1FC565E5370C83A /* Pods_breakingbadapi.framework */ = {isa = PBXFileReference; explicitFileType = wrapper.framework; includeInIndex = 0; path = Pods_breakingbadapi.framework; sourceTree = BUILT_PRODUCTS_DIR; };
		9C70F52D3E9E05D3BA24AFA7 /* Pods-breakingbadapi-breakingbadapiUITests.debug.xcconfig */ = {isa = PBXFileReference; includeInIndex = 1; lastKnownFileType = text.xcconfig; name = "Pods-breakingbadapi-breakingbadapiUITests.debug.xcconfig"; path = "Target Support Files/Pods-breakingbadapi-breakingbadapiUITests/Pods-breakingbadapi-breakingbadapiUITests.debug.xcconfig"; sourceTree = "<group>"; };
		A320944CDFF670C4C480258C /* Pods-breakingbadapi.release.xcconfig */ = {isa = PBXFileReference; includeInIndex = 1; lastKnownFileType = text.xcconfig; name = "Pods-breakingbadapi.release.xcconfig"; path = "Target Support Files/Pods-breakingbadapi/Pods-breakingbadapi.release.xcconfig"; sourceTree = "<group>"; };
		D4042F5263F96C217A36E436 /* Pods-breakingbadapiTests.debug.xcconfig */ = {isa = PBXFileReference; includeInIndex = 1; lastKnownFileType = text.xcconfig; name = "Pods-breakingbadapiTests.debug.xcconfig"; path = "Target Support Files/Pods-breakingbadapiTests/Pods-breakingbadapiTests.debug.xcconfig"; sourceTree = "<group>"; };
		D5008B142738249900517F69 /* BaseViewController.swift */ = {isa = PBXFileReference; lastKnownFileType = sourcecode.swift; path = BaseViewController.swift; sourceTree = "<group>"; };
		D52C50B7257CDCD100746E44 /* Observable.swift */ = {isa = PBXFileReference; lastKnownFileType = sourcecode.swift; path = Observable.swift; sourceTree = "<group>"; };
		D52C50C0257CDD7100746E44 /* ListViewModel.swift */ = {isa = PBXFileReference; lastKnownFileType = sourcecode.swift; path = ListViewModel.swift; sourceTree = "<group>"; };
		D52C50C6257EF26100746E44 /* Character.swift */ = {isa = PBXFileReference; lastKnownFileType = sourcecode.swift; path = Character.swift; sourceTree = "<group>"; };
		D52C50DA257EFA8F00746E44 /* Repository.swift */ = {isa = PBXFileReference; lastKnownFileType = sourcecode.swift; path = Repository.swift; sourceTree = "<group>"; };
		D52C50E9257EFC6F00746E44 /* RemoteDastasource.swift */ = {isa = PBXFileReference; lastKnownFileType = sourcecode.swift; path = RemoteDastasource.swift; sourceTree = "<group>"; };
		D52C50FE257F028500746E44 /* Codable+Extension.swift */ = {isa = PBXFileReference; lastKnownFileType = sourcecode.swift; path = "Codable+Extension.swift"; sourceTree = "<group>"; };
		D52C5106257F062100746E44 /* CoreLog.swift */ = {isa = PBXFileReference; lastKnownFileType = sourcecode.swift; path = CoreLog.swift; sourceTree = "<group>"; };
		D52C510E257F082000746E44 /* BaseError.swift */ = {isa = PBXFileReference; lastKnownFileType = sourcecode.swift; path = BaseError.swift; sourceTree = "<group>"; };
		D52C5113257FCA3100746E44 /* CommonResponse.swift */ = {isa = PBXFileReference; lastKnownFileType = sourcecode.swift; path = CommonResponse.swift; sourceTree = "<group>"; };
		D567801325850B5700C52491 /* UseCase.swift */ = {isa = PBXFileReference; lastKnownFileType = sourcecode.swift; path = UseCase.swift; sourceTree = "<group>"; };
		D567801925850DC200C52491 /* Inject.swift */ = {isa = PBXFileReference; lastKnownFileType = sourcecode.swift; path = Inject.swift; sourceTree = "<group>"; };
		D567802125850FB900C52491 /* StorageDatasource.swift */ = {isa = PBXFileReference; lastKnownFileType = sourcecode.swift; path = StorageDatasource.swift; sourceTree = "<group>"; };
		D56780292585151F00C52491 /* Resolver.swift */ = {isa = PBXFileReference; lastKnownFileType = sourcecode.swift; path = Resolver.swift; sourceTree = "<group>"; };
		D56780362585196600C52491 /* Components.swift */ = {isa = PBXFileReference; lastKnownFileType = sourcecode.swift; path = Components.swift; sourceTree = "<group>"; };
		D57A46C425853D3D003B4CA3 /* ListViewControllerTests.swift */ = {isa = PBXFileReference; lastKnownFileType = sourcecode.swift; path = ListViewControllerTests.swift; sourceTree = "<group>"; };
		D57A46CF258540A2003B4CA3 /* BaseViewModel.swift */ = {isa = PBXFileReference; lastKnownFileType = sourcecode.swift; path = BaseViewModel.swift; sourceTree = "<group>"; };
		D57A46D825854255003B4CA3 /* ListViewModelMock.swift */ = {isa = PBXFileReference; lastKnownFileType = sourcecode.swift; path = ListViewModelMock.swift; sourceTree = "<group>"; };
		D57A46E125854350003B4CA3 /* StorageDatasourceTests.swift */ = {isa = PBXFileReference; lastKnownFileType = sourcecode.swift; path = StorageDatasourceTests.swift; sourceTree = "<group>"; };
		D57A46ED2585446F003B4CA3 /* RepositoryTests.swift */ = {isa = PBXFileReference; lastKnownFileType = sourcecode.swift; path = RepositoryTests.swift; sourceTree = "<group>"; };
		D57A46F62585462A003B4CA3 /* UseCaseTests.swift */ = {isa = PBXFileReference; lastKnownFileType = sourcecode.swift; path = UseCaseTests.swift; sourceTree = "<group>"; };
		D57A46FF25854688003B4CA3 /* CharacterTests.swift */ = {isa = PBXFileReference; lastKnownFileType = sourcecode.swift; path = CharacterTests.swift; sourceTree = "<group>"; };
		D57A47072585485B003B4CA3 /* Collection+Safe.swift */ = {isa = PBXFileReference; lastKnownFileType = sourcecode.swift; path = "Collection+Safe.swift"; sourceTree = "<group>"; };
		D57A4729258551BE003B4CA3 /* GoogleService-Info.plist */ = {isa = PBXFileReference; fileEncoding = 4; lastKnownFileType = text.plist.xml; path = "GoogleService-Info.plist"; sourceTree = "<group>"; };
		D58EB3E927391DA700F60ED9 /* loading.json */ = {isa = PBXFileReference; fileEncoding = 4; lastKnownFileType = text.json; path = loading.json; sourceTree = "<group>"; };
		D5B7065A27383D140088F0C6 /* CharactersCell.swift */ = {isa = PBXFileReference; lastKnownFileType = sourcecode.swift; path = CharactersCell.swift; sourceTree = "<group>"; };
		D5B9F3B225795EE4007DBE2E /* breakingbadapi.app */ = {isa = PBXFileReference; explicitFileType = wrapper.application; includeInIndex = 0; path = breakingbadapi.app; sourceTree = BUILT_PRODUCTS_DIR; };
		D5B9F3B525795EE4007DBE2E /* AppDelegate.swift */ = {isa = PBXFileReference; lastKnownFileType = sourcecode.swift; path = AppDelegate.swift; sourceTree = "<group>"; };
		D5B9F3B725795EE4007DBE2E /* SceneDelegate.swift */ = {isa = PBXFileReference; lastKnownFileType = sourcecode.swift; path = SceneDelegate.swift; sourceTree = "<group>"; };
		D5B9F3B925795EE4007DBE2E /* ListViewController.swift */ = {isa = PBXFileReference; lastKnownFileType = sourcecode.swift; path = ListViewController.swift; sourceTree = "<group>"; };
		D5B9F3BC25795EE4007DBE2E /* Base */ = {isa = PBXFileReference; lastKnownFileType = file.storyboard; name = Base; path = Base.lproj/List.storyboard; sourceTree = "<group>"; };
		D5B9F3BE25795EE6007DBE2E /* Assets.xcassets */ = {isa = PBXFileReference; lastKnownFileType = folder.assetcatalog; path = Assets.xcassets; sourceTree = "<group>"; };
		D5B9F3C125795EE6007DBE2E /* Base */ = {isa = PBXFileReference; lastKnownFileType = file.storyboard; name = Base; path = Base.lproj/LaunchScreen.storyboard; sourceTree = "<group>"; };
		D5B9F3C325795EE6007DBE2E /* Info.plist */ = {isa = PBXFileReference; lastKnownFileType = text.plist.xml; path = Info.plist; sourceTree = "<group>"; };
		D5B9F3C825795EE7007DBE2E /* breakingbadapiTests.xctest */ = {isa = PBXFileReference; explicitFileType = wrapper.cfbundle; includeInIndex = 0; path = breakingbadapiTests.xctest; sourceTree = BUILT_PRODUCTS_DIR; };
		D5B9F3CE25795EE7007DBE2E /* Info.plist */ = {isa = PBXFileReference; lastKnownFileType = text.plist.xml; path = Info.plist; sourceTree = "<group>"; };
		D5B9F3D325795EE7007DBE2E /* breakingbadapiUITests.xctest */ = {isa = PBXFileReference; explicitFileType = wrapper.cfbundle; includeInIndex = 0; path = breakingbadapiUITests.xctest; sourceTree = BUILT_PRODUCTS_DIR; };
		D5B9F3D725795EE7007DBE2E /* breakingbadapiUITests.swift */ = {isa = PBXFileReference; lastKnownFileType = sourcecode.swift; path = breakingbadapiUITests.swift; sourceTree = "<group>"; };
		D5B9F3D925795EE7007DBE2E /* Info.plist */ = {isa = PBXFileReference; lastKnownFileType = text.plist.xml; path = Info.plist; sourceTree = "<group>"; };
		E25CBB9E2E5158DD465B18F6 /* Pods-breakingbadapiTests.release.xcconfig */ = {isa = PBXFileReference; includeInIndex = 1; lastKnownFileType = text.xcconfig; name = "Pods-breakingbadapiTests.release.xcconfig"; path = "Target Support Files/Pods-breakingbadapiTests/Pods-breakingbadapiTests.release.xcconfig"; sourceTree = "<group>"; };
		FEA1F3BC053945B83A38E0FD /* Pods_breakingbadapiTests.framework */ = {isa = PBXFileReference; explicitFileType = wrapper.framework; includeInIndex = 0; path = Pods_breakingbadapiTests.framework; sourceTree = BUILT_PRODUCTS_DIR; };
/* End PBXFileReference section */

/* Begin PBXFrameworksBuildPhase section */
		D5B9F3AF25795EE4007DBE2E /* Frameworks */ = {
			isa = PBXFrameworksBuildPhase;
			buildActionMask = 2147483647;
			files = (
				E6B159172989EBEDF2ABB7E0 /* Pods_breakingbadapi.framework in Frameworks */,
			);
			runOnlyForDeploymentPostprocessing = 0;
		};
		D5B9F3C525795EE7007DBE2E /* Frameworks */ = {
			isa = PBXFrameworksBuildPhase;
			buildActionMask = 2147483647;
			files = (
				173D5F0AAEAC913E536D39EA /* Pods_breakingbadapiTests.framework in Frameworks */,
			);
			runOnlyForDeploymentPostprocessing = 0;
		};
		D5B9F3D025795EE7007DBE2E /* Frameworks */ = {
			isa = PBXFrameworksBuildPhase;
			buildActionMask = 2147483647;
			files = (
				05EF41CFA7031FB25BEE06E6 /* Pods_breakingbadapi_breakingbadapiUITests.framework in Frameworks */,
			);
			runOnlyForDeploymentPostprocessing = 0;
		};
/* End PBXFrameworksBuildPhase section */

/* Begin PBXGroup section */
		1E705FFB12D62FF5C6EA5095 /* Frameworks */ = {
			isa = PBXGroup;
			children = (
				6D31BBACA1FC565E5370C83A /* Pods_breakingbadapi.framework */,
				410EEAD200F3182F2E42F66F /* Pods_breakingbadapi_breakingbadapiUITests.framework */,
				FEA1F3BC053945B83A38E0FD /* Pods_breakingbadapiTests.framework */,
			);
			name = Frameworks;
			sourceTree = "<group>";
		};
		8994E86C9947896A8D2EDD1F /* Pods */ = {
			isa = PBXGroup;
			children = (
				238A2562A7438F13483FB0F4 /* Pods-breakingbadapi.debug.xcconfig */,
				A320944CDFF670C4C480258C /* Pods-breakingbadapi.release.xcconfig */,
				9C70F52D3E9E05D3BA24AFA7 /* Pods-breakingbadapi-breakingbadapiUITests.debug.xcconfig */,
				09F6B9C714088193982D857A /* Pods-breakingbadapi-breakingbadapiUITests.release.xcconfig */,
				D4042F5263F96C217A36E436 /* Pods-breakingbadapiTests.debug.xcconfig */,
				E25CBB9E2E5158DD465B18F6 /* Pods-breakingbadapiTests.release.xcconfig */,
			);
			path = Pods;
			sourceTree = "<group>";
		};
		D52C50AD257CDA1F00746E44 /* Scenes */ = {
			isa = PBXGroup;
			children = (
				D5B9F3C025795EE6007DBE2E /* LaunchScreen.storyboard */,
				D5B9F3BB25795EE4007DBE2E /* List.storyboard */,
			);
			path = Scenes;
			sourceTree = "<group>";
		};
		D52C50AE257CDA2D00746E44 /* Source */ = {
			isa = PBXGroup;
			children = (
				D58BC15E258115CC005030CD /* App */,
				D52C50B5257CDAC500746E44 /* Base */,
				D52C50E8257EFC3300746E44 /* Datasource */,
				D567801825850CE400C52491 /* Di */,
				D52C50FD257F026600746E44 /* Extensions */,
				D52C50C5257EF23500746E44 /* Model */,
				D52C50D9257EFA7500746E44 /* Repository */,
				D58BC15B2581159D005030CD /* Usecase */,
				D58BC15C258115B3005030CD /* View */,
			);
			path = Source;
			sourceTree = "<group>";
		};
		D52C50B5257CDAC500746E44 /* Base */ = {
			isa = PBXGroup;
			children = (
				D52C510E257F082000746E44 /* BaseError.swift */,
				D5008B142738249900517F69 /* BaseViewController.swift */,
				D57A46CF258540A2003B4CA3 /* BaseViewModel.swift */,
				D52C5113257FCA3100746E44 /* CommonResponse.swift */,
				D52C5106257F062100746E44 /* CoreLog.swift */,
				D52C50B7257CDCD100746E44 /* Observable.swift */,
			);
			path = Base;
			sourceTree = "<group>";
		};
		D52C50C5257EF23500746E44 /* Model */ = {
			isa = PBXGroup;
			children = (
				D52C50C6257EF26100746E44 /* Character.swift */,
			);
			path = Model;
			sourceTree = "<group>";
		};
		D52C50D9257EFA7500746E44 /* Repository */ = {
			isa = PBXGroup;
			children = (
				D52C50DA257EFA8F00746E44 /* Repository.swift */,
			);
			path = Repository;
			sourceTree = "<group>";
		};
		D52C50E8257EFC3300746E44 /* Datasource */ = {
			isa = PBXGroup;
			children = (
				D52C50E9257EFC6F00746E44 /* RemoteDastasource.swift */,
				D567802125850FB900C52491 /* StorageDatasource.swift */,
			);
			path = Datasource;
			sourceTree = "<group>";
		};
		D52C50FD257F026600746E44 /* Extensions */ = {
			isa = PBXGroup;
			children = (
				D52C50FE257F028500746E44 /* Codable+Extension.swift */,
				D57A47072585485B003B4CA3 /* Collection+Safe.swift */,
			);
			path = Extensions;
			sourceTree = "<group>";
		};
		D567801825850CE400C52491 /* Di */ = {
			isa = PBXGroup;
			children = (
				D56780362585196600C52491 /* Components.swift */,
				D567801925850DC200C52491 /* Inject.swift */,
				D56780292585151F00C52491 /* Resolver.swift */,
			);
			path = Di;
			sourceTree = "<group>";
		};
		D57A46C225853C50003B4CA3 /* Source */ = {
			isa = PBXGroup;
			children = (
				D57A46E02585433B003B4CA3 /* Datasource */,
				D57A46FE2585467A003B4CA3 /* Model */,
				D57A46EC25854464003B4CA3 /* Repository */,
				D57A46F52585461F003B4CA3 /* UseCase */,
				D57A46C325853C57003B4CA3 /* View */,
			);
			path = Source;
			sourceTree = "<group>";
		};
		D57A46C325853C57003B4CA3 /* View */ = {
			isa = PBXGroup;
			children = (
				D57A46D725854246003B4CA3 /* Mock */,
				D57A46C425853D3D003B4CA3 /* ListViewControllerTests.swift */,
			);
			path = View;
			sourceTree = "<group>";
		};
		D57A46D725854246003B4CA3 /* Mock */ = {
			isa = PBXGroup;
			children = (
				D57A46D825854255003B4CA3 /* ListViewModelMock.swift */,
			);
			path = Mock;
			sourceTree = "<group>";
		};
		D57A46E02585433B003B4CA3 /* Datasource */ = {
			isa = PBXGroup;
			children = (
				D57A46E125854350003B4CA3 /* StorageDatasourceTests.swift */,
			);
			path = Datasource;
			sourceTree = "<group>";
		};
		D57A46EC25854464003B4CA3 /* Repository */ = {
			isa = PBXGroup;
			children = (
				D57A46ED2585446F003B4CA3 /* RepositoryTests.swift */,
			);
			path = Repository;
			sourceTree = "<group>";
		};
		D57A46F52585461F003B4CA3 /* UseCase */ = {
			isa = PBXGroup;
			children = (
				D57A46F62585462A003B4CA3 /* UseCaseTests.swift */,
			);
			path = UseCase;
			sourceTree = "<group>";
		};
		D57A46FE2585467A003B4CA3 /* Model */ = {
			isa = PBXGroup;
			children = (
				D57A46FF25854688003B4CA3 /* CharacterTests.swift */,
			);
			path = Model;
			sourceTree = "<group>";
		};
		D58BC15B2581159D005030CD /* Usecase */ = {
			isa = PBXGroup;
			children = (
				D567801325850B5700C52491 /* UseCase.swift */,
			);
			path = Usecase;
			sourceTree = "<group>";
		};
		D58BC15C258115B3005030CD /* View */ = {
			isa = PBXGroup;
			children = (
				D58EB3E827391D9400F60ED9 /* Animations */,
				D5B7065927383D070088F0C6 /* Cell */,
				D5B9F3B925795EE4007DBE2E /* ListViewController.swift */,
				D52C50C0257CDD7100746E44 /* ListViewModel.swift */,
			);
			path = View;
			sourceTree = "<group>";
		};
		D58BC15E258115CC005030CD /* App */ = {
			isa = PBXGroup;
			children = (
				D5B9F3B525795EE4007DBE2E /* AppDelegate.swift */,
				D5B9F3B725795EE4007DBE2E /* SceneDelegate.swift */,
			);
			path = App;
			sourceTree = "<group>";
		};
		D58EB3E827391D9400F60ED9 /* Animations */ = {
			isa = PBXGroup;
			children = (
				D58EB3E927391DA700F60ED9 /* loading.json */,
			);
			path = Animations;
			sourceTree = "<group>";
		};
		D5B7065927383D070088F0C6 /* Cell */ = {
			isa = PBXGroup;
			children = (
				D5B7065A27383D140088F0C6 /* CharactersCell.swift */,
			);
			path = Cell;
			sourceTree = "<group>";
		};
		D5B9F3A925795EE4007DBE2E = {
			isa = PBXGroup;
			children = (
				D5B9F3B425795EE4007DBE2E /* breakingbadapi */,
				D5B9F3CB25795EE7007DBE2E /* breakingbadapiTests */,
				D5B9F3D625795EE7007DBE2E /* breakingbadapiUITests */,
				D5B9F3B325795EE4007DBE2E /* Products */,
				8994E86C9947896A8D2EDD1F /* Pods */,
				1E705FFB12D62FF5C6EA5095 /* Frameworks */,
			);
			sourceTree = "<group>";
		};
		D5B9F3B325795EE4007DBE2E /* Products */ = {
			isa = PBXGroup;
			children = (
				D5B9F3B225795EE4007DBE2E /* breakingbadapi.app */,
				D5B9F3C825795EE7007DBE2E /* breakingbadapiTests.xctest */,
				D5B9F3D325795EE7007DBE2E /* breakingbadapiUITests.xctest */,
			);
			name = Products;
			sourceTree = "<group>";
		};
		D5B9F3B425795EE4007DBE2E /* breakingbadapi */ = {
			isa = PBXGroup;
			children = (
				D5B9F3C325795EE6007DBE2E /* Info.plist */,
				D57A4729258551BE003B4CA3 /* GoogleService-Info.plist */,
				D5B9F3BE25795EE6007DBE2E /* Assets.xcassets */,
				D52C50AD257CDA1F00746E44 /* Scenes */,
				D52C50AE257CDA2D00746E44 /* Source */,
			);
			path = breakingbadapi;
			sourceTree = "<group>";
		};
		D5B9F3CB25795EE7007DBE2E /* breakingbadapiTests */ = {
			isa = PBXGroup;
			children = (
				D57A46C225853C50003B4CA3 /* Source */,
				D5B9F3CE25795EE7007DBE2E /* Info.plist */,
			);
			path = breakingbadapiTests;
			sourceTree = "<group>";
		};
		D5B9F3D625795EE7007DBE2E /* breakingbadapiUITests */ = {
			isa = PBXGroup;
			children = (
				D5B9F3D725795EE7007DBE2E /* breakingbadapiUITests.swift */,
				D5B9F3D925795EE7007DBE2E /* Info.plist */,
			);
			path = breakingbadapiUITests;
			sourceTree = "<group>";
		};
/* End PBXGroup section */

/* Begin PBXNativeTarget section */
		D5B9F3B125795EE4007DBE2E /* breakingbadapi */ = {
			isa = PBXNativeTarget;
			buildConfigurationList = D5B9F3DC25795EE7007DBE2E /* Build configuration list for PBXNativeTarget "breakingbadapi" */;
			buildPhases = (
				67180FA2ECA950D7D93A4A9B /* [CP] Check Pods Manifest.lock */,
				D5B9F3AE25795EE4007DBE2E /* Sources */,
				D5B9F3AF25795EE4007DBE2E /* Frameworks */,
				D5B9F3B025795EE4007DBE2E /* Resources */,
				D57A4755258552A4003B4CA3 /* Firebase Crashlytics */,
				090335B66AD3DDE352170A7C /* [CP] Embed Pods Frameworks */,
			);
			buildRules = (
			);
			dependencies = (
			);
			name = breakingbadapi;
			productName = breakingbadapi;
			productReference = D5B9F3B225795EE4007DBE2E /* breakingbadapi.app */;
			productType = "com.apple.product-type.application";
		};
		D5B9F3C725795EE7007DBE2E /* breakingbadapiTests */ = {
			isa = PBXNativeTarget;
			buildConfigurationList = D5B9F3DF25795EE7007DBE2E /* Build configuration list for PBXNativeTarget "breakingbadapiTests" */;
			buildPhases = (
				3C4E12B9074E45ACEC7748EE /* [CP] Check Pods Manifest.lock */,
				D5B9F3C425795EE7007DBE2E /* Sources */,
				D5B9F3C525795EE7007DBE2E /* Frameworks */,
				D5B9F3C625795EE7007DBE2E /* Resources */,
				1A1E57F843D628A053EA0785 /* [CP] Embed Pods Frameworks */,
			);
			buildRules = (
			);
			dependencies = (
				D59349522593386A001AE581 /* PBXTargetDependency */,
			);
			name = breakingbadapiTests;
			productName = breakingbadapiTests;
			productReference = D5B9F3C825795EE7007DBE2E /* breakingbadapiTests.xctest */;
			productType = "com.apple.product-type.bundle.unit-test";
		};
		D5B9F3D225795EE7007DBE2E /* breakingbadapiUITests */ = {
			isa = PBXNativeTarget;
			buildConfigurationList = D5B9F3E225795EE7007DBE2E /* Build configuration list for PBXNativeTarget "breakingbadapiUITests" */;
			buildPhases = (
				8F31F26689B7A2E0A190E9D4 /* [CP] Check Pods Manifest.lock */,
				D5B9F3CF25795EE7007DBE2E /* Sources */,
				D5B9F3D025795EE7007DBE2E /* Frameworks */,
				D5B9F3D125795EE7007DBE2E /* Resources */,
				B3B2310702F983C53A0A0B99 /* [CP] Embed Pods Frameworks */,
			);
			buildRules = (
			);
			dependencies = (
				D5B9F3D525795EE7007DBE2E /* PBXTargetDependency */,
			);
			name = breakingbadapiUITests;
			productName = breakingbadapiUITests;
			productReference = D5B9F3D325795EE7007DBE2E /* breakingbadapiUITests.xctest */;
			productType = "com.apple.product-type.bundle.ui-testing";
		};
/* End PBXNativeTarget section */

/* Begin PBXProject section */
		D5B9F3AA25795EE4007DBE2E /* Project object */ = {
			isa = PBXProject;
			attributes = {
				LastSwiftUpdateCheck = 1220;
				LastUpgradeCheck = 1220;
				TargetAttributes = {
					D5B9F3B125795EE4007DBE2E = {
						CreatedOnToolsVersion = 12.2;
					};
					D5B9F3C725795EE7007DBE2E = {
						CreatedOnToolsVersion = 12.2;
						TestTargetID = D5B9F3B125795EE4007DBE2E;
					};
					D5B9F3D225795EE7007DBE2E = {
						CreatedOnToolsVersion = 12.2;
						TestTargetID = D5B9F3B125795EE4007DBE2E;
					};
				};
			};
			buildConfigurationList = D5B9F3AD25795EE4007DBE2E /* Build configuration list for PBXProject "breakingbadapi" */;
			compatibilityVersion = "Xcode 9.3";
			developmentRegion = en;
			hasScannedForEncodings = 0;
			knownRegions = (
				en,
				Base,
			);
			mainGroup = D5B9F3A925795EE4007DBE2E;
			productRefGroup = D5B9F3B325795EE4007DBE2E /* Products */;
			projectDirPath = "";
			projectRoot = "";
			targets = (
				D5B9F3B125795EE4007DBE2E /* breakingbadapi */,
				D5B9F3C725795EE7007DBE2E /* breakingbadapiTests */,
				D5B9F3D225795EE7007DBE2E /* breakingbadapiUITests */,
			);
		};
/* End PBXProject section */

/* Begin PBXResourcesBuildPhase section */
		D5B9F3B025795EE4007DBE2E /* Resources */ = {
			isa = PBXResourcesBuildPhase;
			buildActionMask = 2147483647;
			files = (
				D5B9F3C225795EE6007DBE2E /* LaunchScreen.storyboard in Resources */,
				D57A472A258551BE003B4CA3 /* GoogleService-Info.plist in Resources */,
				D5B9F3BF25795EE6007DBE2E /* Assets.xcassets in Resources */,
				D5B9F3BD25795EE4007DBE2E /* List.storyboard in Resources */,
				D58EB3EA27391DA700F60ED9 /* loading.json in Resources */,
			);
			runOnlyForDeploymentPostprocessing = 0;
		};
		D5B9F3C625795EE7007DBE2E /* Resources */ = {
			isa = PBXResourcesBuildPhase;
			buildActionMask = 2147483647;
			files = (
			);
			runOnlyForDeploymentPostprocessing = 0;
		};
		D5B9F3D125795EE7007DBE2E /* Resources */ = {
			isa = PBXResourcesBuildPhase;
			buildActionMask = 2147483647;
			files = (
			);
			runOnlyForDeploymentPostprocessing = 0;
		};
/* End PBXResourcesBuildPhase section */

/* Begin PBXShellScriptBuildPhase section */
		090335B66AD3DDE352170A7C /* [CP] Embed Pods Frameworks */ = {
			isa = PBXShellScriptBuildPhase;
			buildActionMask = 2147483647;
			files = (
			);
			inputFileListPaths = (
				"${PODS_ROOT}/Target Support Files/Pods-breakingbadapi/Pods-breakingbadapi-frameworks-${CONFIGURATION}-input-files.xcfilelist",
			);
			name = "[CP] Embed Pods Frameworks";
			outputFileListPaths = (
				"${PODS_ROOT}/Target Support Files/Pods-breakingbadapi/Pods-breakingbadapi-frameworks-${CONFIGURATION}-output-files.xcfilelist",
			);
			runOnlyForDeploymentPostprocessing = 0;
			shellPath = /bin/sh;
			shellScript = "\"${PODS_ROOT}/Target Support Files/Pods-breakingbadapi/Pods-breakingbadapi-frameworks.sh\"\n";
			showEnvVarsInLog = 0;
		};
		1A1E57F843D628A053EA0785 /* [CP] Embed Pods Frameworks */ = {
			isa = PBXShellScriptBuildPhase;
			buildActionMask = 2147483647;
			files = (
			);
			inputFileListPaths = (
				"${PODS_ROOT}/Target Support Files/Pods-breakingbadapiTests/Pods-breakingbadapiTests-frameworks-${CONFIGURATION}-input-files.xcfilelist",
			);
			name = "[CP] Embed Pods Frameworks";
			outputFileListPaths = (
				"${PODS_ROOT}/Target Support Files/Pods-breakingbadapiTests/Pods-breakingbadapiTests-frameworks-${CONFIGURATION}-output-files.xcfilelist",
			);
			runOnlyForDeploymentPostprocessing = 0;
			shellPath = /bin/sh;
			shellScript = "\"${PODS_ROOT}/Target Support Files/Pods-breakingbadapiTests/Pods-breakingbadapiTests-frameworks.sh\"\n";
			showEnvVarsInLog = 0;
		};
		3C4E12B9074E45ACEC7748EE /* [CP] Check Pods Manifest.lock */ = {
			isa = PBXShellScriptBuildPhase;
			buildActionMask = 2147483647;
			files = (
			);
			inputFileListPaths = (
			);
			inputPaths = (
				"${PODS_PODFILE_DIR_PATH}/Podfile.lock",
				"${PODS_ROOT}/Manifest.lock",
			);
			name = "[CP] Check Pods Manifest.lock";
			outputFileListPaths = (
			);
			outputPaths = (
				"$(DERIVED_FILE_DIR)/Pods-breakingbadapiTests-checkManifestLockResult.txt",
			);
			runOnlyForDeploymentPostprocessing = 0;
			shellPath = /bin/sh;
			shellScript = "diff \"${PODS_PODFILE_DIR_PATH}/Podfile.lock\" \"${PODS_ROOT}/Manifest.lock\" > /dev/null\nif [ $? != 0 ] ; then\n    # print error to STDERR\n    echo \"error: The sandbox is not in sync with the Podfile.lock. Run 'pod install' or update your CocoaPods installation.\" >&2\n    exit 1\nfi\n# This output is used by Xcode 'outputs' to avoid re-running this script phase.\necho \"SUCCESS\" > \"${SCRIPT_OUTPUT_FILE_0}\"\n";
			showEnvVarsInLog = 0;
		};
		67180FA2ECA950D7D93A4A9B /* [CP] Check Pods Manifest.lock */ = {
			isa = PBXShellScriptBuildPhase;
			buildActionMask = 2147483647;
			files = (
			);
			inputFileListPaths = (
			);
			inputPaths = (
				"${PODS_PODFILE_DIR_PATH}/Podfile.lock",
				"${PODS_ROOT}/Manifest.lock",
			);
			name = "[CP] Check Pods Manifest.lock";
			outputFileListPaths = (
			);
			outputPaths = (
				"$(DERIVED_FILE_DIR)/Pods-breakingbadapi-checkManifestLockResult.txt",
			);
			runOnlyForDeploymentPostprocessing = 0;
			shellPath = /bin/sh;
			shellScript = "diff \"${PODS_PODFILE_DIR_PATH}/Podfile.lock\" \"${PODS_ROOT}/Manifest.lock\" > /dev/null\nif [ $? != 0 ] ; then\n    # print error to STDERR\n    echo \"error: The sandbox is not in sync with the Podfile.lock. Run 'pod install' or update your CocoaPods installation.\" >&2\n    exit 1\nfi\n# This output is used by Xcode 'outputs' to avoid re-running this script phase.\necho \"SUCCESS\" > \"${SCRIPT_OUTPUT_FILE_0}\"\n";
			showEnvVarsInLog = 0;
		};
		8F31F26689B7A2E0A190E9D4 /* [CP] Check Pods Manifest.lock */ = {
			isa = PBXShellScriptBuildPhase;
			buildActionMask = 2147483647;
			files = (
			);
			inputFileListPaths = (
			);
			inputPaths = (
				"${PODS_PODFILE_DIR_PATH}/Podfile.lock",
				"${PODS_ROOT}/Manifest.lock",
			);
			name = "[CP] Check Pods Manifest.lock";
			outputFileListPaths = (
			);
			outputPaths = (
				"$(DERIVED_FILE_DIR)/Pods-breakingbadapi-breakingbadapiUITests-checkManifestLockResult.txt",
			);
			runOnlyForDeploymentPostprocessing = 0;
			shellPath = /bin/sh;
			shellScript = "diff \"${PODS_PODFILE_DIR_PATH}/Podfile.lock\" \"${PODS_ROOT}/Manifest.lock\" > /dev/null\nif [ $? != 0 ] ; then\n    # print error to STDERR\n    echo \"error: The sandbox is not in sync with the Podfile.lock. Run 'pod install' or update your CocoaPods installation.\" >&2\n    exit 1\nfi\n# This output is used by Xcode 'outputs' to avoid re-running this script phase.\necho \"SUCCESS\" > \"${SCRIPT_OUTPUT_FILE_0}\"\n";
			showEnvVarsInLog = 0;
		};
		B3B2310702F983C53A0A0B99 /* [CP] Embed Pods Frameworks */ = {
			isa = PBXShellScriptBuildPhase;
			buildActionMask = 2147483647;
			files = (
			);
			inputFileListPaths = (
				"${PODS_ROOT}/Target Support Files/Pods-breakingbadapi-breakingbadapiUITests/Pods-breakingbadapi-breakingbadapiUITests-frameworks-${CONFIGURATION}-input-files.xcfilelist",
			);
			name = "[CP] Embed Pods Frameworks";
			outputFileListPaths = (
				"${PODS_ROOT}/Target Support Files/Pods-breakingbadapi-breakingbadapiUITests/Pods-breakingbadapi-breakingbadapiUITests-frameworks-${CONFIGURATION}-output-files.xcfilelist",
			);
			runOnlyForDeploymentPostprocessing = 0;
			shellPath = /bin/sh;
			shellScript = "\"${PODS_ROOT}/Target Support Files/Pods-breakingbadapi-breakingbadapiUITests/Pods-breakingbadapi-breakingbadapiUITests-frameworks.sh\"\n";
			showEnvVarsInLog = 0;
		};
		D57A4755258552A4003B4CA3 /* Firebase Crashlytics */ = {
			isa = PBXShellScriptBuildPhase;
			buildActionMask = 2147483647;
			files = (
			);
			inputFileListPaths = (
			);
			inputPaths = (
				"$(SRCROOT)/$(BUILT_PRODUCTS_DIR)/$(INFOPLIST_PATH)",
			);
			name = "Firebase Crashlytics";
			outputFileListPaths = (
			);
			outputPaths = (
			);
			runOnlyForDeploymentPostprocessing = 0;
			shellPath = /bin/sh;
			shellScript = "# Type a script or drag a script file from your workspace to insert its path.\n\"${PODS_ROOT}/FirebaseCrashlytics/run\"\n";
		};
/* End PBXShellScriptBuildPhase section */

/* Begin PBXSourcesBuildPhase section */
		D5B9F3AE25795EE4007DBE2E /* Sources */ = {
			isa = PBXSourcesBuildPhase;
			buildActionMask = 2147483647;
			files = (
				D52C50FF257F028500746E44 /* Codable+Extension.swift in Sources */,
				D52C50DB257EFA8F00746E44 /* Repository.swift in Sources */,
				D52C50C1257CDD7100746E44 /* ListViewModel.swift in Sources */,
				D52C50B8257CDCD100746E44 /* Observable.swift in Sources */,
				D5B9F3BA25795EE4007DBE2E /* ListViewController.swift in Sources */,
				D5008B152738249900517F69 /* BaseViewController.swift in Sources */,
				D57A46D0258540A2003B4CA3 /* BaseViewModel.swift in Sources */,
				D52C5107257F062100746E44 /* CoreLog.swift in Sources */,
				D56780372585196600C52491 /* Components.swift in Sources */,
				D567801425850B5700C52491 /* UseCase.swift in Sources */,
				D52C50EA257EFC6F00746E44 /* RemoteDastasource.swift in Sources */,
				D52C50C7257EF26100746E44 /* Character.swift in Sources */,
				D57A47082585485B003B4CA3 /* Collection+Safe.swift in Sources */,
				D5B7065B27383D140088F0C6 /* CharactersCell.swift in Sources */,
				D567801A25850DC200C52491 /* Inject.swift in Sources */,
				D52C510F257F082000746E44 /* BaseError.swift in Sources */,
				D567802A2585151F00C52491 /* Resolver.swift in Sources */,
				D5B9F3B625795EE4007DBE2E /* AppDelegate.swift in Sources */,
				D5B9F3B825795EE4007DBE2E /* SceneDelegate.swift in Sources */,
				D52C5114257FCA3100746E44 /* CommonResponse.swift in Sources */,
				D567802225850FB900C52491 /* StorageDatasource.swift in Sources */,
			);
			runOnlyForDeploymentPostprocessing = 0;
		};
		D5B9F3C425795EE7007DBE2E /* Sources */ = {
			isa = PBXSourcesBuildPhase;
			buildActionMask = 2147483647;
			files = (
				D57A46D925854255003B4CA3 /* ListViewModelMock.swift in Sources */,
				D57A470025854688003B4CA3 /* CharacterTests.swift in Sources */,
				D57A46C525853D3D003B4CA3 /* ListViewControllerTests.swift in Sources */,
				D57A46E225854350003B4CA3 /* StorageDatasourceTests.swift in Sources */,
				D57A46F72585462A003B4CA3 /* UseCaseTests.swift in Sources */,
				D57A46EE2585446F003B4CA3 /* RepositoryTests.swift in Sources */,
			);
			runOnlyForDeploymentPostprocessing = 0;
		};
		D5B9F3CF25795EE7007DBE2E /* Sources */ = {
			isa = PBXSourcesBuildPhase;
			buildActionMask = 2147483647;
			files = (
				D5B9F3D825795EE7007DBE2E /* breakingbadapiUITests.swift in Sources */,
			);
			runOnlyForDeploymentPostprocessing = 0;
		};
/* End PBXSourcesBuildPhase section */

/* Begin PBXTargetDependency section */
		D59349522593386A001AE581 /* PBXTargetDependency */ = {
			isa = PBXTargetDependency;
			target = D5B9F3B125795EE4007DBE2E /* breakingbadapi */;
			targetProxy = D59349512593386A001AE581 /* PBXContainerItemProxy */;
		};
		D5B9F3D525795EE7007DBE2E /* PBXTargetDependency */ = {
			isa = PBXTargetDependency;
			target = D5B9F3B125795EE4007DBE2E /* breakingbadapi */;
			targetProxy = D5B9F3D425795EE7007DBE2E /* PBXContainerItemProxy */;
		};
/* End PBXTargetDependency section */

/* Begin PBXVariantGroup section */
		D5B9F3BB25795EE4007DBE2E /* List.storyboard */ = {
			isa = PBXVariantGroup;
			children = (
				D5B9F3BC25795EE4007DBE2E /* Base */,
			);
			name = List.storyboard;
			sourceTree = "<group>";
		};
		D5B9F3C025795EE6007DBE2E /* LaunchScreen.storyboard */ = {
			isa = PBXVariantGroup;
			children = (
				D5B9F3C125795EE6007DBE2E /* Base */,
			);
			name = LaunchScreen.storyboard;
			sourceTree = "<group>";
		};
/* End PBXVariantGroup section */

/* Begin XCBuildConfiguration section */
		D5B9F3DA25795EE7007DBE2E /* Debug */ = {
			isa = XCBuildConfiguration;
			buildSettings = {
				ALWAYS_SEARCH_USER_PATHS = NO;
				CLANG_ANALYZER_NONNULL = YES;
				CLANG_ANALYZER_NUMBER_OBJECT_CONVERSION = YES_AGGRESSIVE;
				CLANG_CXX_LANGUAGE_STANDARD = "gnu++14";
				CLANG_CXX_LIBRARY = "libc++";
				CLANG_ENABLE_MODULES = YES;
				CLANG_ENABLE_OBJC_ARC = YES;
				CLANG_ENABLE_OBJC_WEAK = YES;
				CLANG_WARN_BLOCK_CAPTURE_AUTORELEASING = YES;
				CLANG_WARN_BOOL_CONVERSION = YES;
				CLANG_WARN_COMMA = YES;
				CLANG_WARN_CONSTANT_CONVERSION = YES;
				CLANG_WARN_DEPRECATED_OBJC_IMPLEMENTATIONS = YES;
				CLANG_WARN_DIRECT_OBJC_ISA_USAGE = YES_ERROR;
				CLANG_WARN_DOCUMENTATION_COMMENTS = YES;
				CLANG_WARN_EMPTY_BODY = YES;
				CLANG_WARN_ENUM_CONVERSION = YES;
				CLANG_WARN_INFINITE_RECURSION = YES;
				CLANG_WARN_INT_CONVERSION = YES;
				CLANG_WARN_NON_LITERAL_NULL_CONVERSION = YES;
				CLANG_WARN_OBJC_IMPLICIT_RETAIN_SELF = YES;
				CLANG_WARN_OBJC_LITERAL_CONVERSION = YES;
				CLANG_WARN_OBJC_ROOT_CLASS = YES_ERROR;
				CLANG_WARN_QUOTED_INCLUDE_IN_FRAMEWORK_HEADER = YES;
				CLANG_WARN_RANGE_LOOP_ANALYSIS = YES;
				CLANG_WARN_STRICT_PROTOTYPES = YES;
				CLANG_WARN_SUSPICIOUS_MOVE = YES;
				CLANG_WARN_UNGUARDED_AVAILABILITY = YES_AGGRESSIVE;
				CLANG_WARN_UNREACHABLE_CODE = YES;
				CLANG_WARN__DUPLICATE_METHOD_MATCH = YES;
				COPY_PHASE_STRIP = NO;
				DEBUG_INFORMATION_FORMAT = dwarf;
				ENABLE_STRICT_OBJC_MSGSEND = YES;
				ENABLE_TESTABILITY = YES;
				GCC_C_LANGUAGE_STANDARD = gnu11;
				GCC_DYNAMIC_NO_PIC = NO;
				GCC_NO_COMMON_BLOCKS = YES;
				GCC_OPTIMIZATION_LEVEL = 0;
				GCC_PREPROCESSOR_DEFINITIONS = (
					"DEBUG=1",
					"$(inherited)",
				);
				GCC_WARN_64_TO_32_BIT_CONVERSION = YES;
				GCC_WARN_ABOUT_RETURN_TYPE = YES_ERROR;
				GCC_WARN_UNDECLARED_SELECTOR = YES;
				GCC_WARN_UNINITIALIZED_AUTOS = YES_AGGRESSIVE;
				GCC_WARN_UNUSED_FUNCTION = YES;
				GCC_WARN_UNUSED_VARIABLE = YES;
				IPHONEOS_DEPLOYMENT_TARGET = 13.0;
				MTL_ENABLE_DEBUG_INFO = INCLUDE_SOURCE;
				MTL_FAST_MATH = YES;
				ONLY_ACTIVE_ARCH = YES;
				SDKROOT = iphoneos;
				SWIFT_ACTIVE_COMPILATION_CONDITIONS = DEBUG;
				SWIFT_OPTIMIZATION_LEVEL = "-Onone";
			};
			name = Debug;
		};
		D5B9F3DB25795EE7007DBE2E /* Release */ = {
			isa = XCBuildConfiguration;
			buildSettings = {
				ALWAYS_SEARCH_USER_PATHS = NO;
				CLANG_ANALYZER_NONNULL = YES;
				CLANG_ANALYZER_NUMBER_OBJECT_CONVERSION = YES_AGGRESSIVE;
				CLANG_CXX_LANGUAGE_STANDARD = "gnu++14";
				CLANG_CXX_LIBRARY = "libc++";
				CLANG_ENABLE_MODULES = YES;
				CLANG_ENABLE_OBJC_ARC = YES;
				CLANG_ENABLE_OBJC_WEAK = YES;
				CLANG_WARN_BLOCK_CAPTURE_AUTORELEASING = YES;
				CLANG_WARN_BOOL_CONVERSION = YES;
				CLANG_WARN_COMMA = YES;
				CLANG_WARN_CONSTANT_CONVERSION = YES;
				CLANG_WARN_DEPRECATED_OBJC_IMPLEMENTATIONS = YES;
				CLANG_WARN_DIRECT_OBJC_ISA_USAGE = YES_ERROR;
				CLANG_WARN_DOCUMENTATION_COMMENTS = YES;
				CLANG_WARN_EMPTY_BODY = YES;
				CLANG_WARN_ENUM_CONVERSION = YES;
				CLANG_WARN_INFINITE_RECURSION = YES;
				CLANG_WARN_INT_CONVERSION = YES;
				CLANG_WARN_NON_LITERAL_NULL_CONVERSION = YES;
				CLANG_WARN_OBJC_IMPLICIT_RETAIN_SELF = YES;
				CLANG_WARN_OBJC_LITERAL_CONVERSION = YES;
				CLANG_WARN_OBJC_ROOT_CLASS = YES_ERROR;
				CLANG_WARN_QUOTED_INCLUDE_IN_FRAMEWORK_HEADER = YES;
				CLANG_WARN_RANGE_LOOP_ANALYSIS = YES;
				CLANG_WARN_STRICT_PROTOTYPES = YES;
				CLANG_WARN_SUSPICIOUS_MOVE = YES;
				CLANG_WARN_UNGUARDED_AVAILABILITY = YES_AGGRESSIVE;
				CLANG_WARN_UNREACHABLE_CODE = YES;
				CLANG_WARN__DUPLICATE_METHOD_MATCH = YES;
				COPY_PHASE_STRIP = NO;
				DEBUG_INFORMATION_FORMAT = "dwarf-with-dsym";
				ENABLE_NS_ASSERTIONS = NO;
				ENABLE_STRICT_OBJC_MSGSEND = YES;
				GCC_C_LANGUAGE_STANDARD = gnu11;
				GCC_NO_COMMON_BLOCKS = YES;
				GCC_WARN_64_TO_32_BIT_CONVERSION = YES;
				GCC_WARN_ABOUT_RETURN_TYPE = YES_ERROR;
				GCC_WARN_UNDECLARED_SELECTOR = YES;
				GCC_WARN_UNINITIALIZED_AUTOS = YES_AGGRESSIVE;
				GCC_WARN_UNUSED_FUNCTION = YES;
				GCC_WARN_UNUSED_VARIABLE = YES;
				IPHONEOS_DEPLOYMENT_TARGET = 13.0;
				MTL_ENABLE_DEBUG_INFO = NO;
				MTL_FAST_MATH = YES;
				SDKROOT = iphoneos;
				SWIFT_COMPILATION_MODE = wholemodule;
				SWIFT_OPTIMIZATION_LEVEL = "-O";
				VALIDATE_PRODUCT = YES;
			};
			name = Release;
		};
		D5B9F3DD25795EE7007DBE2E /* Debug */ = {
			isa = XCBuildConfiguration;
			baseConfigurationReference = 238A2562A7438F13483FB0F4 /* Pods-breakingbadapi.debug.xcconfig */;
			buildSettings = {
				ASSETCATALOG_COMPILER_APPICON_NAME = AppIcon;
				ASSETCATALOG_COMPILER_GLOBAL_ACCENT_COLOR_NAME = AccentColor;
				ASSETCATALOG_COMPILER_INCLUDE_ALL_APPICON_ASSETS = YES;
				CODE_SIGN_STYLE = Automatic;
				DEBUG_INFORMATION_FORMAT = "dwarf-with-dsym";
				DEVELOPMENT_TEAM = YW66TP47QZ;
				INFOPLIST_FILE = breakingbadapi/Info.plist;
				LD_RUNPATH_SEARCH_PATHS = (
					"$(inherited)",
					"@executable_path/Frameworks",
				);
				PRODUCT_BUNDLE_IDENTIFIER = com.davilinho.breakingbadapi;
				PRODUCT_NAME = "$(TARGET_NAME)";
				SWIFT_VERSION = 5.0;
				TARGETED_DEVICE_FAMILY = "1,2";
			};
			name = Debug;
		};
		D5B9F3DE25795EE7007DBE2E /* Release */ = {
			isa = XCBuildConfiguration;
			baseConfigurationReference = A320944CDFF670C4C480258C /* Pods-breakingbadapi.release.xcconfig */;
			buildSettings = {
				ASSETCATALOG_COMPILER_APPICON_NAME = AppIcon;
				ASSETCATALOG_COMPILER_GLOBAL_ACCENT_COLOR_NAME = AccentColor;
				ASSETCATALOG_COMPILER_INCLUDE_ALL_APPICON_ASSETS = YES;
				CODE_SIGN_STYLE = Automatic;
				DEBUG_INFORMATION_FORMAT = "dwarf-with-dsym";
				DEVELOPMENT_TEAM = YW66TP47QZ;
				INFOPLIST_FILE = breakingbadapi/Info.plist;
				LD_RUNPATH_SEARCH_PATHS = (
					"$(inherited)",
					"@executable_path/Frameworks",
				);
				PRODUCT_BUNDLE_IDENTIFIER = com.davilinho.breakingbadapi;
				PRODUCT_NAME = "$(TARGET_NAME)";
				SWIFT_VERSION = 5.0;
				TARGETED_DEVICE_FAMILY = "1,2";
			};
			name = Release;
		};
		D5B9F3E025795EE7007DBE2E /* Debug */ = {
			isa = XCBuildConfiguration;
			baseConfigurationReference = D4042F5263F96C217A36E436 /* Pods-breakingbadapiTests.debug.xcconfig */;
			buildSettings = {
				ALWAYS_EMBED_SWIFT_STANDARD_LIBRARIES = YES;
				BUNDLE_LOADER = "$(TEST_HOST)";
				CODE_SIGN_STYLE = Automatic;
				DEBUG_INFORMATION_FORMAT = "dwarf-with-dsym";
				DEVELOPMENT_TEAM = YW66TP47QZ;
				INFOPLIST_FILE = breakingbadapiTests/Info.plist;
				IPHONEOS_DEPLOYMENT_TARGET = 13.0;
				LD_RUNPATH_SEARCH_PATHS = (
					"$(inherited)",
					"@executable_path/Frameworks",
					"@loader_path/Frameworks",
				);
				PRODUCT_BUNDLE_IDENTIFIER = com.davilinho.breakingbadapiTests;
				PRODUCT_NAME = "$(TARGET_NAME)";
				SWIFT_VERSION = 5.0;
				TARGETED_DEVICE_FAMILY = "1,2";
				TEST_HOST = "$(BUILT_PRODUCTS_DIR)/breakingbadapi.app/breakingbadapi";
			};
			name = Debug;
		};
		D5B9F3E125795EE7007DBE2E /* Release */ = {
			isa = XCBuildConfiguration;
			baseConfigurationReference = E25CBB9E2E5158DD465B18F6 /* Pods-breakingbadapiTests.release.xcconfig */;
			buildSettings = {
				ALWAYS_EMBED_SWIFT_STANDARD_LIBRARIES = YES;
				BUNDLE_LOADER = "$(TEST_HOST)";
				CODE_SIGN_STYLE = Automatic;
				DEBUG_INFORMATION_FORMAT = "dwarf-with-dsym";
				DEVELOPMENT_TEAM = YW66TP47QZ;
				INFOPLIST_FILE = breakingbadapiTests/Info.plist;
				IPHONEOS_DEPLOYMENT_TARGET = 13.0;
				LD_RUNPATH_SEARCH_PATHS = (
					"$(inherited)",
					"@executable_path/Frameworks",
					"@loader_path/Frameworks",
				);
				PRODUCT_BUNDLE_IDENTIFIER = com.davilinho.breakingbadapiTests;
				PRODUCT_NAME = "$(TARGET_NAME)";
				SWIFT_VERSION = 5.0;
				TARGETED_DEVICE_FAMILY = "1,2";
				TEST_HOST = "$(BUILT_PRODUCTS_DIR)/breakingbadapi.app/breakingbadapi";
			};
			name = Release;
		};
		D5B9F3E325795EE7007DBE2E /* Debug */ = {
			isa = XCBuildConfiguration;
			baseConfigurationReference = 9C70F52D3E9E05D3BA24AFA7 /* Pods-breakingbadapi-breakingbadapiUITests.debug.xcconfig */;
			buildSettings = {
				ALWAYS_EMBED_SWIFT_STANDARD_LIBRARIES = YES;
				CODE_SIGN_STYLE = Automatic;
				DEVELOPMENT_TEAM = YW66TP47QZ;
				INFOPLIST_FILE = breakingbadapiUITests/Info.plist;
				LD_RUNPATH_SEARCH_PATHS = (
					"$(inherited)",
					"@executable_path/Frameworks",
					"@loader_path/Frameworks",
				);
				PRODUCT_BUNDLE_IDENTIFIER = com.davilinho.breakingbadapiUITests;
				PRODUCT_NAME = "$(TARGET_NAME)";
				SWIFT_VERSION = 5.0;
				TARGETED_DEVICE_FAMILY = "1,2";
				TEST_TARGET_NAME = breakingbadapi;
			};
			name = Debug;
		};
		D5B9F3E425795EE7007DBE2E /* Release */ = {
			isa = XCBuildConfiguration;
			baseConfigurationReference = 09F6B9C714088193982D857A /* Pods-breakingbadapi-breakingbadapiUITests.release.xcconfig */;
			buildSettings = {
				ALWAYS_EMBED_SWIFT_STANDARD_LIBRARIES = YES;
				CODE_SIGN_STYLE = Automatic;
				DEVELOPMENT_TEAM = YW66TP47QZ;
				INFOPLIST_FILE = breakingbadapiUITests/Info.plist;
				LD_RUNPATH_SEARCH_PATHS = (
					"$(inherited)",
					"@executable_path/Frameworks",
					"@loader_path/Frameworks",
				);
				PRODUCT_BUNDLE_IDENTIFIER = com.davilinho.breakingbadapiUITests;
				PRODUCT_NAME = "$(TARGET_NAME)";
				SWIFT_VERSION = 5.0;
				TARGETED_DEVICE_FAMILY = "1,2";
				TEST_TARGET_NAME = breakingbadapi;
			};
			name = Release;
		};
/* End XCBuildConfiguration section */

/* Begin XCConfigurationList section */
		D5B9F3AD25795EE4007DBE2E /* Build configuration list for PBXProject "breakingbadapi" */ = {
			isa = XCConfigurationList;
			buildConfigurations = (
				D5B9F3DA25795EE7007DBE2E /* Debug */,
				D5B9F3DB25795EE7007DBE2E /* Release */,
			);
			defaultConfigurationIsVisible = 0;
			defaultConfigurationName = Release;
		};
		D5B9F3DC25795EE7007DBE2E /* Build configuration list for PBXNativeTarget "breakingbadapi" */ = {
			isa = XCConfigurationList;
			buildConfigurations = (
				D5B9F3DD25795EE7007DBE2E /* Debug */,
				D5B9F3DE25795EE7007DBE2E /* Release */,
			);
			defaultConfigurationIsVisible = 0;
			defaultConfigurationName = Release;
		};
		D5B9F3DF25795EE7007DBE2E /* Build configuration list for PBXNativeTarget "breakingbadapiTests" */ = {
			isa = XCConfigurationList;
			buildConfigurations = (
				D5B9F3E025795EE7007DBE2E /* Debug */,
				D5B9F3E125795EE7007DBE2E /* Release */,
			);
			defaultConfigurationIsVisible = 0;
			defaultConfigurationName = Release;
		};
		D5B9F3E225795EE7007DBE2E /* Build configuration list for PBXNativeTarget "breakingbadapiUITests" */ = {
			isa = XCConfigurationList;
			buildConfigurations = (
				D5B9F3E325795EE7007DBE2E /* Debug */,
				D5B9F3E425795EE7007DBE2E /* Release */,
			);
			defaultConfigurationIsVisible = 0;
			defaultConfigurationName = Release;
		};
/* End XCConfigurationList section */
	};
	rootObject = D5B9F3AA25795EE4007DBE2E /* Project object */;
}
